
Microsoft Visual Studio Solution File, Format Version 12.00
# Visual Studio Version 17
VisualStudioVersion = 17.11.35219.272
MinimumVisualStudioVersion = 10.0.40219.1
Project("{9A19103F-16F7-4668-BE54-9A1E7A4F7556}") = "Inventory_system", "Inventory_system\Inventory_system.csproj", "{AA234F91-01FE-47E7-8218-F3C28F4283A8}"
EndProject
Project("{9A19103F-16F7-4668-BE54-9A1E7A4F7556}") = "InventorySystemFrontend", "InventorySystemFrontend\InventorySystemFrontend.csproj", "{B71D617E-67BB-47E3-BF3B-FEEAEE7E3232}"
EndProject
Global
	GlobalSection(SolutionConfigurationPlatforms) = preSolution
		Debug|Any CPU = Debug|Any CPU
		Release|Any CPU = Release|Any CPU
	EndGlobalSection
	GlobalSection(ProjectConfigurationPlatforms) = postSolution
		{AA234F91-01FE-47E7-8218-F3C28F4283A8}.Debug|Any CPU.ActiveCfg = Debug|Any CPU
		{AA234F91-01FE-47E7-8218-F3C28F4283A8}.Debug|Any CPU.Build.0 = Debug|Any CPU
		{AA234F91-01FE-47E7-8218-F3C28F4283A8}.Release|Any CPU.ActiveCfg = Release|Any CPU
		{AA234F91-01FE-47E7-8218-F3C28F4283A8}.Release|Any CPU.Build.0 = Release|Any CPU
		{B71D617E-67BB-47E3-BF3B-FEEAEE7E3232}.Debug|Any CPU.ActiveCfg = Debug|Any CPU
		{B71D617E-67BB-47E3-BF3B-FEEAEE7E3232}.Debug|Any CPU.Build.0 = Debug|Any CPU
		{B71D617E-67BB-47E3-BF3B-FEEAEE7E3232}.Release|Any CPU.ActiveCfg = Release|Any CPU
		{B71D617E-67BB-47E3-BF3B-FEEAEE7E3232}.Release|Any CPU.Build.0 = Release|Any CPU
	EndGlobalSection
	GlobalSection(SolutionProperties) = preSolution
		HideSolutionNode = FALSE
	EndGlobalSection
	GlobalSection(ExtensibilityGlobals) = postSolution
		SolutionGuid = {215EF666-64B7-4432-9AE0-856031FB51E7}
	EndGlobalSection
EndGlobal
